
Microsoft Visual Studio Solution File, Format Version 12.00
# Visual Studio Version 17
VisualStudioVersion = 17.5.33502.453
MinimumVisualStudioVersion = 10.0.40219.1
Project("{FAE04EC0-301F-11D3-BF4B-00C04F79EFBC}") = "ДР_13_1", "ДР_13_1\ДР_13_1.csproj", "{6783EF83-A2A8-4CFA-A3B3-AB3CEF178065}"
EndProject
Project("{FAE04EC0-301F-11D3-BF4B-00C04F79EFBC}") = "ДР_13_2", "ДР_13_2\ДР_13_2.csproj", "{1FF8E846-A15A-4A84-8B2A-EC4B8508F645}"
EndProject
Project("{FAE04EC0-301F-11D3-BF4B-00C04F79EFBC}") = "ДР_13_3", "ДР_13_3\ДР_13_3.csproj", "{2DCCF8EF-B557-492F-BA2A-C2FDBEBA39AA}"
EndProject
Global
	GlobalSection(SolutionConfigurationPlatforms) = preSolution
		Debug|Any CPU = Debug|Any CPU
		Release|Any CPU = Release|Any CPU
	EndGlobalSection
	GlobalSection(ProjectConfigurationPlatforms) = postSolution
		{6783EF83-A2A8-4CFA-A3B3-AB3CEF178065}.Debug|Any CPU.ActiveCfg = Debug|Any CPU
		{6783EF83-A2A8-4CFA-A3B3-AB3CEF178065}.Debug|Any CPU.Build.0 = Debug|Any CPU
		{6783EF83-A2A8-4CFA-A3B3-AB3CEF178065}.Release|Any CPU.ActiveCfg = Release|Any CPU
		{6783EF83-A2A8-4CFA-A3B3-AB3CEF178065}.Release|Any CPU.Build.0 = Release|Any CPU
		{1FF8E846-A15A-4A84-8B2A-EC4B8508F645}.Debug|Any CPU.ActiveCfg = Debug|Any CPU
		{1FF8E846-A15A-4A84-8B2A-EC4B8508F645}.Debug|Any CPU.Build.0 = Debug|Any CPU
		{1FF8E846-A15A-4A84-8B2A-EC4B8508F645}.Release|Any CPU.ActiveCfg = Release|Any CPU
		{1FF8E846-A15A-4A84-8B2A-EC4B8508F645}.Release|Any CPU.Build.0 = Release|Any CPU
		{2DCCF8EF-B557-492F-BA2A-C2FDBEBA39AA}.Debug|Any CPU.ActiveCfg = Debug|Any CPU
		{2DCCF8EF-B557-492F-BA2A-C2FDBEBA39AA}.Debug|Any CPU.Build.0 = Debug|Any CPU
		{2DCCF8EF-B557-492F-BA2A-C2FDBEBA39AA}.Release|Any CPU.ActiveCfg = Release|Any CPU
		{2DCCF8EF-B557-492F-BA2A-C2FDBEBA39AA}.Release|Any CPU.Build.0 = Release|Any CPU
	EndGlobalSection
	GlobalSection(SolutionProperties) = preSolution
		HideSolutionNode = FALSE
	EndGlobalSection
	GlobalSection(ExtensibilityGlobals) = postSolution
		SolutionGuid = {1BB93EB2-A867-4D5E-A311-307275ADE14F}
	EndGlobalSection
EndGlobal
